
Microsoft Visual Studio Solution File, Format Version 12.00
# Visual Studio 15
VisualStudioVersion = 15.0.28010.2016
MinimumVisualStudioVersion = 10.0.40219.1
Project("{FAE04EC0-301F-11D3-BF4B-00C04F79EFBC}") = "TXR0 Car Data", "TXR0 Car Data\TXR0 Car Data.csproj", "{513663DE-CBBB-4AD2-927C-D94A13C032D7}"
EndProject
Global
	GlobalSection(SolutionConfigurationPlatforms) = preSolution
		Debug|Any CPU = Debug|Any CPU
		Release|Any CPU = Release|Any CPU
	EndGlobalSection
	GlobalSection(ProjectConfigurationPlatforms) = postSolution
		{513663DE-CBBB-4AD2-927C-D94A13C032D7}.Debug|Any CPU.ActiveCfg = Debug|Any CPU
		{513663DE-CBBB-4AD2-927C-D94A13C032D7}.Debug|Any CPU.Build.0 = Debug|Any CPU
		{513663DE-CBBB-4AD2-927C-D94A13C032D7}.Release|Any CPU.ActiveCfg = Release|Any CPU
		{513663DE-CBBB-4AD2-927C-D94A13C032D7}.Release|Any CPU.Build.0 = Release|Any CPU
	EndGlobalSection
	GlobalSection(SolutionProperties) = preSolution
		HideSolutionNode = FALSE
	EndGlobalSection
	GlobalSection(ExtensibilityGlobals) = postSolution
		SolutionGuid = {DAC9C5C9-B025-4CD1-9470-14860EE759DC}
	EndGlobalSection
EndGlobal
